
Microsoft Visual Studio Solution File, Format Version 12.00
# Visual Studio Version 16
VisualStudioVersion = 16.0.31624.102
MinimumVisualStudioVersion = 10.0.40219.1
Project("{9A19103F-16F7-4668-BE54-9A1E7A4F7556}") = "ExamPreWork", "ExamPreWork\ExamPreWork.csproj", "{4431D069-9648-475B-9AC1-153EEF12AD39}"
EndProject
Project("{FAE04EC0-301F-11D3-BF4B-00C04F79EFBC}") = "PixelPerInch", "PixelPerInch\PixelPerInch.csproj", "{51AE1F97-09BE-48D2-9220-DB9BEE5206EF}"
EndProject
Global
	GlobalSection(SolutionConfigurationPlatforms) = preSolution
		Debug|Any CPU = Debug|Any CPU
		Release|Any CPU = Release|Any CPU
	EndGlobalSection
	GlobalSection(ProjectConfigurationPlatforms) = postSolution
		{4431D069-9648-475B-9AC1-153EEF12AD39}.Debug|Any CPU.ActiveCfg = Debug|Any CPU
		{4431D069-9648-475B-9AC1-153EEF12AD39}.Debug|Any CPU.Build.0 = Debug|Any CPU
		{4431D069-9648-475B-9AC1-153EEF12AD39}.Release|Any CPU.ActiveCfg = Release|Any CPU
		{4431D069-9648-475B-9AC1-153EEF12AD39}.Release|Any CPU.Build.0 = Release|Any CPU
		{51AE1F97-09BE-48D2-9220-DB9BEE5206EF}.Debug|Any CPU.ActiveCfg = Debug|Any CPU
		{51AE1F97-09BE-48D2-9220-DB9BEE5206EF}.Debug|Any CPU.Build.0 = Debug|Any CPU
		{51AE1F97-09BE-48D2-9220-DB9BEE5206EF}.Release|Any CPU.ActiveCfg = Release|Any CPU
		{51AE1F97-09BE-48D2-9220-DB9BEE5206EF}.Release|Any CPU.Build.0 = Release|Any CPU
	EndGlobalSection
	GlobalSection(SolutionProperties) = preSolution
		HideSolutionNode = FALSE
	EndGlobalSection
	GlobalSection(ExtensibilityGlobals) = postSolution
		SolutionGuid = {748FA318-6FC2-4D08-9D3F-E4726D2889A5}
	EndGlobalSection
EndGlobal
